
Microsoft Visual Studio Solution File, Format Version 12.00
# Visual Studio 15
VisualStudioVersion = 15.0.27703.2047
MinimumVisualStudioVersion = 10.0.40219.1
Project("{FAE04EC0-301F-11D3-BF4B-00C04F79EFBC}") = "blackboarApp.Android", "blackboarApp\blackboarApp.Android\blackboarApp.Android.csproj", "{A16AA499-4B7C-454A-A51A-E4473D1A4142}"
EndProject
Project("{FAE04EC0-301F-11D3-BF4B-00C04F79EFBC}") = "blackboarApp.iOS", "blackboarApp\blackboarApp.iOS\blackboarApp.iOS.csproj", "{1E4C3276-4EB7-49A2-BF55-4B86F978EFC9}"
EndProject
Project("{D954291E-2A0B-460D-934E-DC6B0785DB48}") = "blackboarApp", "blackboarApp\blackboarApp\blackboarApp.shproj", "{BF67C351-F7AB-40AF-8B24-895671EC08D6}"
EndProject
Global
	GlobalSection(SharedMSBuildProjectFiles) = preSolution
		blackboarApp\blackboarApp\blackboarApp.projitems*{1e4c3276-4eb7-49a2-bf55-4b86f978efc9}*SharedItemsImports = 4
		blackboarApp\blackboarApp\blackboarApp.projitems*{a16aa499-4b7c-454a-a51a-e4473d1a4142}*SharedItemsImports = 4
		blackboarApp\blackboarApp\blackboarApp.projitems*{bf67c351-f7ab-40af-8b24-895671ec08d6}*SharedItemsImports = 13
	EndGlobalSection
	GlobalSection(SolutionConfigurationPlatforms) = preSolution
		Ad-Hoc|Any CPU = Ad-Hoc|Any CPU
		Ad-Hoc|iPhone = Ad-Hoc|iPhone
		Ad-Hoc|iPhoneSimulator = Ad-Hoc|iPhoneSimulator
		AppStore|Any CPU = AppStore|Any CPU
		AppStore|iPhone = AppStore|iPhone
		AppStore|iPhoneSimulator = AppStore|iPhoneSimulator
		Debug|Any CPU = Debug|Any CPU
		Debug|iPhone = Debug|iPhone
		Debug|iPhoneSimulator = Debug|iPhoneSimulator
		Release|Any CPU = Release|Any CPU
		Release|iPhone = Release|iPhone
		Release|iPhoneSimulator = Release|iPhoneSimulator
	EndGlobalSection
	GlobalSection(ProjectConfigurationPlatforms) = postSolution
		{A16AA499-4B7C-454A-A51A-E4473D1A4142}.Ad-Hoc|Any CPU.ActiveCfg = Release|Any CPU
		{A16AA499-4B7C-454A-A51A-E4473D1A4142}.Ad-Hoc|Any CPU.Build.0 = Release|Any CPU
		{A16AA499-4B7C-454A-A51A-E4473D1A4142}.Ad-Hoc|Any CPU.Deploy.0 = Release|Any CPU
		{A16AA499-4B7C-454A-A51A-E4473D1A4142}.Ad-Hoc|iPhone.ActiveCfg = Release|Any CPU
		{A16AA499-4B7C-454A-A51A-E4473D1A4142}.Ad-Hoc|iPhone.Build.0 = Release|Any CPU
		{A16AA499-4B7C-454A-A51A-E4473D1A4142}.Ad-Hoc|iPhone.Deploy.0 = Release|Any CPU
		{A16AA499-4B7C-454A-A51A-E4473D1A4142}.Ad-Hoc|iPhoneSimulator.ActiveCfg = Release|Any CPU
		{A16AA499-4B7C-454A-A51A-E4473D1A4142}.Ad-Hoc|iPhoneSimulator.Build.0 = Release|Any CPU
		{A16AA499-4B7C-454A-A51A-E4473D1A4142}.Ad-Hoc|iPhoneSimulator.Deploy.0 = Release|Any CPU
		{A16AA499-4B7C-454A-A51A-E4473D1A4142}.AppStore|Any CPU.ActiveCfg = Release|Any CPU
		{A16AA499-4B7C-454A-A51A-E4473D1A4142}.AppStore|Any CPU.Build.0 = Release|Any CPU
		{A16AA499-4B7C-454A-A51A-E4473D1A4142}.AppStore|Any CPU.Deploy.0 = Release|Any CPU
		{A16AA499-4B7C-454A-A51A-E4473D1A4142}.AppStore|iPhone.ActiveCfg = Release|Any CPU
		{A16AA499-4B7C-454A-A51A-E4473D1A4142}.AppStore|iPhone.Build.0 = Release|Any CPU
		{A16AA499-4B7C-454A-A51A-E4473D1A4142}.AppStore|iPhone.Deploy.0 = Release|Any CPU
		{A16AA499-4B7C-454A-A51A-E4473D1A4142}.AppStore|iPhoneSimulator.ActiveCfg = Release|Any CPU
		{A16AA499-4B7C-454A-A51A-E4473D1A4142}.AppStore|iPhoneSimulator.Build.0 = Release|Any CPU
		{A16AA499-4B7C-454A-A51A-E4473D1A4142}.AppStore|iPhoneSimulator.Deploy.0 = Release|Any CPU
		{A16AA499-4B7C-454A-A51A-E4473D1A4142}.Debug|Any CPU.ActiveCfg = Debug|Any CPU
		{A16AA499-4B7C-454A-A51A-E4473D1A4142}.Debug|Any CPU.Build.0 = Debug|Any CPU
		{A16AA499-4B7C-454A-A51A-E4473D1A4142}.Debug|Any CPU.Deploy.0 = Debug|Any CPU
		{A16AA499-4B7C-454A-A51A-E4473D1A4142}.Debug|iPhone.ActiveCfg = Debug|Any CPU
		{A16AA499-4B7C-454A-A51A-E4473D1A4142}.Debug|iPhone.Build.0 = Debug|Any CPU
		{A16AA499-4B7C-454A-A51A-E4473D1A4142}.Debug|iPhone.Deploy.0 = Debug|Any CPU
		{A16AA499-4B7C-454A-A51A-E4473D1A4142}.Debug|iPhoneSimulator.ActiveCfg = Debug|Any CPU
		{A16AA499-4B7C-454A-A51A-E4473D1A4142}.Debug|iPhoneSimulator.Build.0 = Debug|Any CPU
		{A16AA499-4B7C-454A-A51A-E4473D1A4142}.Debug|iPhoneSimulator.Deploy.0 = Debug|Any CPU
		{A16AA499-4B7C-454A-A51A-E4473D1A4142}.Release|Any CPU.ActiveCfg = Release|Any CPU
		{A16AA499-4B7C-454A-A51A-E4473D1A4142}.Release|Any CPU.Build.0 = Release|Any CPU
		{A16AA499-4B7C-454A-A51A-E4473D1A4142}.Release|Any CPU.Deploy.0 = Release|Any CPU
		{A16AA499-4B7C-454A-A51A-E4473D1A4142}.Release|iPhone.ActiveCfg = Release|Any CPU
		{A16AA499-4B7C-454A-A51A-E4473D1A4142}.Release|iPhone.Build.0 = Release|Any CPU
		{A16AA499-4B7C-454A-A51A-E4473D1A4142}.Release|iPhone.Deploy.0 = Release|Any CPU
		{A16AA499-4B7C-454A-A51A-E4473D1A4142}.Release|iPhoneSimulator.ActiveCfg = Release|Any CPU
		{A16AA499-4B7C-454A-A51A-E4473D1A4142}.Release|iPhoneSimulator.Build.0 = Release|Any CPU
		{A16AA499-4B7C-454A-A51A-E4473D1A4142}.Release|iPhoneSimulator.Deploy.0 = Release|Any CPU
		{1E4C3276-4EB7-49A2-BF55-4B86F978EFC9}.Ad-Hoc|Any CPU.ActiveCfg = Ad-Hoc|iPhone
		{1E4C3276-4EB7-49A2-BF55-4B86F978EFC9}.Ad-Hoc|Any CPU.Build.0 = Ad-Hoc|iPhone
		{1E4C3276-4EB7-49A2-BF55-4B86F978EFC9}.Ad-Hoc|Any CPU.Deploy.0 = Ad-Hoc|iPhone
		{1E4C3276-4EB7-49A2-BF55-4B86F978EFC9}.Ad-Hoc|iPhone.ActiveCfg = Ad-Hoc|iPhone
		{1E4C3276-4EB7-49A2-BF55-4B86F978EFC9}.Ad-Hoc|iPhone.Build.0 = Ad-Hoc|iPhone
		{1E4C3276-4EB7-49A2-BF55-4B86F978EFC9}.Ad-Hoc|iPhone.Deploy.0 = Ad-Hoc|iPhone
		{1E4C3276-4EB7-49A2-BF55-4B86F978EFC9}.Ad-Hoc|iPhoneSimulator.ActiveCfg = Ad-Hoc|iPhoneSimulator
		{1E4C3276-4EB7-49A2-BF55-4B86F978EFC9}.Ad-Hoc|iPhoneSimulator.Build.0 = Ad-Hoc|iPhoneSimulator
		{1E4C3276-4EB7-49A2-BF55-4B86F978EFC9}.Ad-Hoc|iPhoneSimulator.Deploy.0 = Ad-Hoc|iPhoneSimulator
		{1E4C3276-4EB7-49A2-BF55-4B86F978EFC9}.AppStore|Any CPU.ActiveCfg = AppStore|iPhone
		{1E4C3276-4EB7-49A2-BF55-4B86F978EFC9}.AppStore|Any CPU.Build.0 = AppStore|iPhone
		{1E4C3276-4EB7-49A2-BF55-4B86F978EFC9}.AppStore|Any CPU.Deploy.0 = AppStore|iPhone
		{1E4C3276-4EB7-49A2-BF55-4B86F978EFC9}.AppStore|iPhone.ActiveCfg = AppStore|iPhone
		{1E4C3276-4EB7-49A2-BF55-4B86F978EFC9}.AppStore|iPhone.Build.0 = AppStore|iPhone
		{1E4C3276-4EB7-49A2-BF55-4B86F978EFC9}.AppStore|iPhone.Deploy.0 = AppStore|iPhone
		{1E4C3276-4EB7-49A2-BF55-4B86F978EFC9}.AppStore|iPhoneSimulator.ActiveCfg = AppStore|iPhoneSimulator
		{1E4C3276-4EB7-49A2-BF55-4B86F978EFC9}.AppStore|iPhoneSimulator.Build.0 = AppStore|iPhoneSimulator
		{1E4C3276-4EB7-49A2-BF55-4B86F978EFC9}.AppStore|iPhoneSimulator.Deploy.0 = AppStore|iPhoneSimulator
		{1E4C3276-4EB7-49A2-BF55-4B86F978EFC9}.Debug|Any CPU.ActiveCfg = Debug|iPhoneSimulator
		{1E4C3276-4EB7-49A2-BF55-4B86F978EFC9}.Debug|Any CPU.Build.0 = Debug|iPhoneSimulator
		{1E4C3276-4EB7-49A2-BF55-4B86F978EFC9}.Debug|Any CPU.Deploy.0 = Debug|iPhoneSimulator
		{1E4C3276-4EB7-49A2-BF55-4B86F978EFC9}.Debug|iPhone.ActiveCfg = Debug|iPhone
		{1E4C3276-4EB7-49A2-BF55-4B86F978EFC9}.Debug|iPhone.Build.0 = Debug|iPhone
		{1E4C3276-4EB7-49A2-BF55-4B86F978EFC9}.Debug|iPhone.Deploy.0 = Debug|iPhone
		{1E4C3276-4EB7-49A2-BF55-4B86F978EFC9}.Debug|iPhoneSimulator.ActiveCfg = Debug|iPhoneSimulator
		{1E4C3276-4EB7-49A2-BF55-4B86F978EFC9}.Debug|iPhoneSimulator.Build.0 = Debug|iPhoneSimulator
		{1E4C3276-4EB7-49A2-BF55-4B86F978EFC9}.Debug|iPhoneSimulator.Deploy.0 = Debug|iPhoneSimulator
		{1E4C3276-4EB7-49A2-BF55-4B86F978EFC9}.Release|Any CPU.ActiveCfg = Release|iPhone
		{1E4C3276-4EB7-49A2-BF55-4B86F978EFC9}.Release|Any CPU.Build.0 = Release|iPhone
		{1E4C3276-4EB7-49A2-BF55-4B86F978EFC9}.Release|Any CPU.Deploy.0 = Release|iPhone
		{1E4C3276-4EB7-49A2-BF55-4B86F978EFC9}.Release|iPhone.ActiveCfg = Release|iPhone
		{1E4C3276-4EB7-49A2-BF55-4B86F978EFC9}.Release|iPhone.Build.0 = Release|iPhone
		{1E4C3276-4EB7-49A2-BF55-4B86F978EFC9}.Release|iPhone.Deploy.0 = Release|iPhone
		{1E4C3276-4EB7-49A2-BF55-4B86F978EFC9}.Release|iPhoneSimulator.ActiveCfg = Release|iPhoneSimulator
		{1E4C3276-4EB7-49A2-BF55-4B86F978EFC9}.Release|iPhoneSimulator.Build.0 = Release|iPhoneSimulator
		{1E4C3276-4EB7-49A2-BF55-4B86F978EFC9}.Release|iPhoneSimulator.Deploy.0 = Release|iPhoneSimulator
	EndGlobalSection
	GlobalSection(SolutionProperties) = preSolution
		HideSolutionNode = FALSE
	EndGlobalSection
	GlobalSection(ExtensibilityGlobals) = postSolution
		SolutionGuid = {79E98597-B040-4CF2-862E-219084F087BC}
	EndGlobalSection
EndGlobal
